
Microsoft Visual Studio Solution File, Format Version 12.00
# Visual Studio Version 17
VisualStudioVersion = 17.3.32922.545
MinimumVisualStudioVersion = 10.0.40219.1
Project("{FAE04EC0-301F-11D3-BF4B-00C04F79EFBC}") = "CS_CSV_Reading_And_Parsing", "CS_CSV_Reading_And_Parsing\CS_CSV_Reading_And_Parsing.csproj", "{734EB76D-8F47-4CA0-955E-959E1F26DB0A}"
EndProject
Global
	GlobalSection(SolutionConfigurationPlatforms) = preSolution
		Debug|Any CPU = Debug|Any CPU
		Release|Any CPU = Release|Any CPU
	EndGlobalSection
	GlobalSection(ProjectConfigurationPlatforms) = postSolution
		{734EB76D-8F47-4CA0-955E-959E1F26DB0A}.Debug|Any CPU.ActiveCfg = Debug|Any CPU
		{734EB76D-8F47-4CA0-955E-959E1F26DB0A}.Debug|Any CPU.Build.0 = Debug|Any CPU
		{734EB76D-8F47-4CA0-955E-959E1F26DB0A}.Release|Any CPU.ActiveCfg = Release|Any CPU
		{734EB76D-8F47-4CA0-955E-959E1F26DB0A}.Release|Any CPU.Build.0 = Release|Any CPU
	EndGlobalSection
	GlobalSection(SolutionProperties) = preSolution
		HideSolutionNode = FALSE
	EndGlobalSection
	GlobalSection(ExtensibilityGlobals) = postSolution
		SolutionGuid = {4DD9A677-7F27-4804-B235-F1630CFAA421}
	EndGlobalSection
EndGlobal
