
Microsoft Visual Studio Solution File, Format Version 12.00
# Visual Studio Version 17
VisualStudioVersion = 17.3.32922.545
MinimumVisualStudioVersion = 10.0.40219.1
Project("{F184B08F-C81C-45F6-A57F-5ABD9991F28F}") = "VB_Histogram", "VB_Histogram\VB_Histogram.vbproj", "{E3DCBC56-BACD-4003-AD8E-9FD5AF6EAD8E}"
EndProject
Global
	GlobalSection(SolutionConfigurationPlatforms) = preSolution
		Debug|Any CPU = Debug|Any CPU
		Release|Any CPU = Release|Any CPU
	EndGlobalSection
	GlobalSection(ProjectConfigurationPlatforms) = postSolution
		{E3DCBC56-BACD-4003-AD8E-9FD5AF6EAD8E}.Debug|Any CPU.ActiveCfg = Debug|Any CPU
		{E3DCBC56-BACD-4003-AD8E-9FD5AF6EAD8E}.Debug|Any CPU.Build.0 = Debug|Any CPU
		{E3DCBC56-BACD-4003-AD8E-9FD5AF6EAD8E}.Release|Any CPU.ActiveCfg = Release|Any CPU
		{E3DCBC56-BACD-4003-AD8E-9FD5AF6EAD8E}.Release|Any CPU.Build.0 = Release|Any CPU
	EndGlobalSection
	GlobalSection(SolutionProperties) = preSolution
		HideSolutionNode = FALSE
	EndGlobalSection
	GlobalSection(ExtensibilityGlobals) = postSolution
		SolutionGuid = {3914D2E0-4B0C-4889-946A-E6B0BC21D5D3}
	EndGlobalSection
EndGlobal
